
Microsoft Visual Studio Solution File, Format Version 12.00
# Visual Studio Version 17
VisualStudioVersion = 17.0.32112.339
MinimumVisualStudioVersion = 10.0.40219.1
Project("{FAE04EC0-301F-11D3-BF4B-00C04F79EFBC}") = "ApocOS", "ApocOS\ApocOS.csproj", "{ABACA857-1A1C-45C5-B869-57D66BE72C6B}"
EndProject
Global
	GlobalSection(SolutionConfigurationPlatforms) = preSolution
		Debug|Any CPU = Debug|Any CPU
		Release|Any CPU = Release|Any CPU
	EndGlobalSection
	GlobalSection(ProjectConfigurationPlatforms) = postSolution
		{ABACA857-1A1C-45C5-B869-57D66BE72C6B}.Debug|Any CPU.ActiveCfg = Debug|Any CPU
		{ABACA857-1A1C-45C5-B869-57D66BE72C6B}.Debug|Any CPU.Build.0 = Debug|Any CPU
		{ABACA857-1A1C-45C5-B869-57D66BE72C6B}.Release|Any CPU.ActiveCfg = Release|Any CPU
		{ABACA857-1A1C-45C5-B869-57D66BE72C6B}.Release|Any CPU.Build.0 = Release|Any CPU
	EndGlobalSection
	GlobalSection(SolutionProperties) = preSolution
		HideSolutionNode = FALSE
	EndGlobalSection
	GlobalSection(ExtensibilityGlobals) = postSolution
		SolutionGuid = {E0EAED57-EE39-49D2-A346-F5973D90F1D4}
	EndGlobalSection
EndGlobal
